
Microsoft Visual Studio Solution File, Format Version 12.00
# Visual Studio Version 17
VisualStudioVersion = 17.10.35122.118
MinimumVisualStudioVersion = 10.0.40219.1
Project("{9A19103F-16F7-4668-BE54-9A1E7A4F7556}") = "TackleBigONetCore", "TackleBigONetCore.csproj", "{A8A16781-0796-42E8-BD17-A1F7747D0ECD}"
EndProject
Global
	GlobalSection(SolutionConfigurationPlatforms) = preSolution
		Debug|Any CPU = Debug|Any CPU
		Release|Any CPU = Release|Any CPU
	EndGlobalSection
	GlobalSection(ProjectConfigurationPlatforms) = postSolution
		{A8A16781-0796-42E8-BD17-A1F7747D0ECD}.Debug|Any CPU.ActiveCfg = Debug|Any CPU
		{A8A16781-0796-42E8-BD17-A1F7747D0ECD}.Debug|Any CPU.Build.0 = Debug|Any CPU
		{A8A16781-0796-42E8-BD17-A1F7747D0ECD}.Release|Any CPU.ActiveCfg = Release|Any CPU
		{A8A16781-0796-42E8-BD17-A1F7747D0ECD}.Release|Any CPU.Build.0 = Release|Any CPU
	EndGlobalSection
	GlobalSection(SolutionProperties) = preSolution
		HideSolutionNode = FALSE
	EndGlobalSection
	GlobalSection(ExtensibilityGlobals) = postSolution
		SolutionGuid = {AC7F761C-287E-4A19-A535-E418FF1330D1}
	EndGlobalSection
EndGlobal
